
Microsoft Visual Studio Solution File, Format Version 12.00
# Visual Studio 14
VisualStudioVersion = 14.0.25420.1
MinimumVisualStudioVersion = 10.0.40219.1
Project("{FAE04EC0-301F-11D3-BF4B-00C04F79EFBC}") = "Latihan 1_1", "Latihan 1_1\Latihan 1_1.csproj", "{A1D3F3B1-90AE-47B4-AD1E-D5AB6655BE97}"
EndProject
Project("{FAE04EC0-301F-11D3-BF4B-00C04F79EFBC}") = "Latihan 1_2", "Latihan 1_2\Latihan 1_2.csproj", "{2D39A9F4-77F3-4032-B7FA-6746EADDB0CC}"
EndProject
Project("{FAE04EC0-301F-11D3-BF4B-00C04F79EFBC}") = "Latihan 2_1", "Latihan 2_1\Latihan 2_1.csproj", "{55894D47-C411-4C18-A0FB-2500A7765567}"
EndProject
Project("{FAE04EC0-301F-11D3-BF4B-00C04F79EFBC}") = "Latihan 3_1", "Latihan 3_1\Latihan 3_1.csproj", "{7ED91F5A-F4B3-49C7-98B1-90C1FB26CA1C}"
EndProject
Project("{FAE04EC0-301F-11D3-BF4B-00C04F79EFBC}") = "Latihan 4_1", "Latihan 4_1\Latihan 4_1.csproj", "{7DFDD2A3-D05E-4AAB-AA9F-60806D06C8E5}"
EndProject
Project("{FAE04EC0-301F-11D3-BF4B-00C04F79EFBC}") = "Latihan 5_1", "Latihan 5_1\Latihan 5_1.csproj", "{5648C96C-1844-4E0F-9C96-1DC04FC9CDBC}"
EndProject
Project("{FAE04EC0-301F-11D3-BF4B-00C04F79EFBC}") = "VolleyBall_Problem", "VolleyBall_Problem\VolleyBall_Problem.csproj", "{6E96C8CC-3B21-4FEF-B317-3DA92D0AB66B}"
EndProject
Global
	GlobalSection(SolutionConfigurationPlatforms) = preSolution
		Debug|Any CPU = Debug|Any CPU
		Release|Any CPU = Release|Any CPU
	EndGlobalSection
	GlobalSection(ProjectConfigurationPlatforms) = postSolution
		{A1D3F3B1-90AE-47B4-AD1E-D5AB6655BE97}.Debug|Any CPU.ActiveCfg = Debug|Any CPU
		{A1D3F3B1-90AE-47B4-AD1E-D5AB6655BE97}.Debug|Any CPU.Build.0 = Debug|Any CPU
		{A1D3F3B1-90AE-47B4-AD1E-D5AB6655BE97}.Release|Any CPU.ActiveCfg = Release|Any CPU
		{A1D3F3B1-90AE-47B4-AD1E-D5AB6655BE97}.Release|Any CPU.Build.0 = Release|Any CPU
		{2D39A9F4-77F3-4032-B7FA-6746EADDB0CC}.Debug|Any CPU.ActiveCfg = Debug|Any CPU
		{2D39A9F4-77F3-4032-B7FA-6746EADDB0CC}.Debug|Any CPU.Build.0 = Debug|Any CPU
		{2D39A9F4-77F3-4032-B7FA-6746EADDB0CC}.Release|Any CPU.ActiveCfg = Release|Any CPU
		{2D39A9F4-77F3-4032-B7FA-6746EADDB0CC}.Release|Any CPU.Build.0 = Release|Any CPU
		{55894D47-C411-4C18-A0FB-2500A7765567}.Debug|Any CPU.ActiveCfg = Debug|Any CPU
		{55894D47-C411-4C18-A0FB-2500A7765567}.Debug|Any CPU.Build.0 = Debug|Any CPU
		{55894D47-C411-4C18-A0FB-2500A7765567}.Release|Any CPU.ActiveCfg = Release|Any CPU
		{55894D47-C411-4C18-A0FB-2500A7765567}.Release|Any CPU.Build.0 = Release|Any CPU
		{7ED91F5A-F4B3-49C7-98B1-90C1FB26CA1C}.Debug|Any CPU.ActiveCfg = Debug|Any CPU
		{7ED91F5A-F4B3-49C7-98B1-90C1FB26CA1C}.Debug|Any CPU.Build.0 = Debug|Any CPU
		{7ED91F5A-F4B3-49C7-98B1-90C1FB26CA1C}.Release|Any CPU.ActiveCfg = Release|Any CPU
		{7ED91F5A-F4B3-49C7-98B1-90C1FB26CA1C}.Release|Any CPU.Build.0 = Release|Any CPU
		{7DFDD2A3-D05E-4AAB-AA9F-60806D06C8E5}.Debug|Any CPU.ActiveCfg = Debug|Any CPU
		{7DFDD2A3-D05E-4AAB-AA9F-60806D06C8E5}.Debug|Any CPU.Build.0 = Debug|Any CPU
		{7DFDD2A3-D05E-4AAB-AA9F-60806D06C8E5}.Release|Any CPU.ActiveCfg = Release|Any CPU
		{7DFDD2A3-D05E-4AAB-AA9F-60806D06C8E5}.Release|Any CPU.Build.0 = Release|Any CPU
		{5648C96C-1844-4E0F-9C96-1DC04FC9CDBC}.Debug|Any CPU.ActiveCfg = Debug|Any CPU
		{5648C96C-1844-4E0F-9C96-1DC04FC9CDBC}.Debug|Any CPU.Build.0 = Debug|Any CPU
		{5648C96C-1844-4E0F-9C96-1DC04FC9CDBC}.Release|Any CPU.ActiveCfg = Release|Any CPU
		{5648C96C-1844-4E0F-9C96-1DC04FC9CDBC}.Release|Any CPU.Build.0 = Release|Any CPU
		{6E96C8CC-3B21-4FEF-B317-3DA92D0AB66B}.Debug|Any CPU.ActiveCfg = Debug|Any CPU
		{6E96C8CC-3B21-4FEF-B317-3DA92D0AB66B}.Debug|Any CPU.Build.0 = Debug|Any CPU
		{6E96C8CC-3B21-4FEF-B317-3DA92D0AB66B}.Release|Any CPU.ActiveCfg = Release|Any CPU
		{6E96C8CC-3B21-4FEF-B317-3DA92D0AB66B}.Release|Any CPU.Build.0 = Release|Any CPU
	EndGlobalSection
	GlobalSection(SolutionProperties) = preSolution
		HideSolutionNode = FALSE
	EndGlobalSection
EndGlobal
