
Microsoft Visual Studio Solution File, Format Version 12.00
# Visual Studio 14
VisualStudioVersion = 14.0.25420.1
MinimumVisualStudioVersion = 10.0.40219.1
Project("{FAE04EC0-301F-11D3-BF4B-00C04F79EFBC}") = "Latihan 1_1", "Latihan 1_1\Latihan 1_1.csproj", "{A1D3F3B1-90AE-47B4-AD1E-D5AB6655BE97}"
EndProject
Project("{FAE04EC0-301F-11D3-BF4B-00C04F79EFBC}") = "Latihan 1_2", "Latihan 1_2\Latihan 1_2.csproj", "{2D39A9F4-77F3-4032-B7FA-6746EADDB0CC}"
EndProject
Project("{FAE04EC0-301F-11D3-BF4B-00C04F79EFBC}") = "Latihan 2_1", "Latihan 2_1\Latihan 2_1.csproj", "{55894D47-C411-4C18-A0FB-2500A7765567}"
EndProject
Project("{FAE04EC0-301F-11D3-BF4B-00C04F79EFBC}") = "Latihan 3_1", "Latihan 3_1\Latihan 3_1.csproj", "{75A64F18-0CD1-4BB5-8D7B-4948B34E1835}"
EndProject
Global
	GlobalSection(SolutionConfigurationPlatforms) = preSolution
		Debug|Any CPU = Debug|Any CPU
		Release|Any CPU = Release|Any CPU
	EndGlobalSection
	GlobalSection(ProjectConfigurationPlatforms) = postSolution
		{A1D3F3B1-90AE-47B4-AD1E-D5AB6655BE97}.Debug|Any CPU.ActiveCfg = Debug|Any CPU
		{A1D3F3B1-90AE-47B4-AD1E-D5AB6655BE97}.Debug|Any CPU.Build.0 = Debug|Any CPU
		{A1D3F3B1-90AE-47B4-AD1E-D5AB6655BE97}.Release|Any CPU.ActiveCfg = Release|Any CPU
		{A1D3F3B1-90AE-47B4-AD1E-D5AB6655BE97}.Release|Any CPU.Build.0 = Release|Any CPU
		{2D39A9F4-77F3-4032-B7FA-6746EADDB0CC}.Debug|Any CPU.ActiveCfg = Debug|Any CPU
		{2D39A9F4-77F3-4032-B7FA-6746EADDB0CC}.Debug|Any CPU.Build.0 = Debug|Any CPU
		{2D39A9F4-77F3-4032-B7FA-6746EADDB0CC}.Release|Any CPU.ActiveCfg = Release|Any CPU
		{2D39A9F4-77F3-4032-B7FA-6746EADDB0CC}.Release|Any CPU.Build.0 = Release|Any CPU
		{55894D47-C411-4C18-A0FB-2500A7765567}.Debug|Any CPU.ActiveCfg = Debug|Any CPU
		{55894D47-C411-4C18-A0FB-2500A7765567}.Debug|Any CPU.Build.0 = Debug|Any CPU
		{55894D47-C411-4C18-A0FB-2500A7765567}.Release|Any CPU.ActiveCfg = Release|Any CPU
		{55894D47-C411-4C18-A0FB-2500A7765567}.Release|Any CPU.Build.0 = Release|Any CPU
		{75A64F18-0CD1-4BB5-8D7B-4948B34E1835}.Debug|Any CPU.ActiveCfg = Debug|Any CPU
		{75A64F18-0CD1-4BB5-8D7B-4948B34E1835}.Debug|Any CPU.Build.0 = Debug|Any CPU
		{75A64F18-0CD1-4BB5-8D7B-4948B34E1835}.Release|Any CPU.ActiveCfg = Release|Any CPU
		{75A64F18-0CD1-4BB5-8D7B-4948B34E1835}.Release|Any CPU.Build.0 = Release|Any CPU
	EndGlobalSection
	GlobalSection(SolutionProperties) = preSolution
		HideSolutionNode = FALSE
	EndGlobalSection
EndGlobal
